
Microsoft Visual Studio Solution File, Format Version 12.00
# Visual Studio Version 17
VisualStudioVersion = 17.3.32825.248
MinimumVisualStudioVersion = 10.0.40219.1
Project("{9A19103F-16F7-4668-BE54-9A1E7A4F7556}") = "TestAppWithDB", "TestAppWithDB\TestAppWithDB.csproj", "{A81220A2-FAA5-450C-9FCD-DE843A5C83DD}"
EndProject
Project("{2150E333-8FDC-42A3-9474-1A3956D46DE8}") = "Domain", "Domain", "{7C3BC233-B69A-462B-B0A6-3595ADE15925}"
EndProject
Project("{9A19103F-16F7-4668-BE54-9A1E7A4F7556}") = "TestApp.Domain", "TestApp.Domain\TestApp.Domain.csproj", "{AA0E7EFA-75A8-4D25-B539-31D8C709C474}"
EndProject
Project("{2150E333-8FDC-42A3-9474-1A3956D46DE8}") = "DAL", "DAL", "{7C28D837-7D9A-4A69-8C0A-115646E10A2B}"
EndProject
Project("{9A19103F-16F7-4668-BE54-9A1E7A4F7556}") = "TestAppWithDB.DAL", "TestAppWithDB.DAL\TestAppWithDB.DAL.csproj", "{BDFAD37F-E57A-4AE8-BE20-41692C21E172}"
EndProject
Project("{2150E333-8FDC-42A3-9474-1A3956D46DE8}") = "Service", "Service", "{0C926F74-50EE-4917-8FF6-D50962497C7E}"
EndProject
Project("{FAE04EC0-301F-11D3-BF4B-00C04F79EFBC}") = "TestAppWithDB.Service", "TestAppWithDB.Service\TestAppWithDB.Service.csproj", "{91C23183-2CC5-4ADC-86C1-88A1CCD13EC0}"
EndProject
Global
	GlobalSection(SolutionConfigurationPlatforms) = preSolution
		Debug|Any CPU = Debug|Any CPU
		Release|Any CPU = Release|Any CPU
	EndGlobalSection
	GlobalSection(ProjectConfigurationPlatforms) = postSolution
		{A81220A2-FAA5-450C-9FCD-DE843A5C83DD}.Debug|Any CPU.ActiveCfg = Debug|Any CPU
		{A81220A2-FAA5-450C-9FCD-DE843A5C83DD}.Debug|Any CPU.Build.0 = Debug|Any CPU
		{A81220A2-FAA5-450C-9FCD-DE843A5C83DD}.Release|Any CPU.ActiveCfg = Release|Any CPU
		{A81220A2-FAA5-450C-9FCD-DE843A5C83DD}.Release|Any CPU.Build.0 = Release|Any CPU
		{AA0E7EFA-75A8-4D25-B539-31D8C709C474}.Debug|Any CPU.ActiveCfg = Debug|Any CPU
		{AA0E7EFA-75A8-4D25-B539-31D8C709C474}.Debug|Any CPU.Build.0 = Debug|Any CPU
		{AA0E7EFA-75A8-4D25-B539-31D8C709C474}.Release|Any CPU.ActiveCfg = Release|Any CPU
		{AA0E7EFA-75A8-4D25-B539-31D8C709C474}.Release|Any CPU.Build.0 = Release|Any CPU
		{BDFAD37F-E57A-4AE8-BE20-41692C21E172}.Debug|Any CPU.ActiveCfg = Debug|Any CPU
		{BDFAD37F-E57A-4AE8-BE20-41692C21E172}.Debug|Any CPU.Build.0 = Debug|Any CPU
		{BDFAD37F-E57A-4AE8-BE20-41692C21E172}.Release|Any CPU.ActiveCfg = Release|Any CPU
		{BDFAD37F-E57A-4AE8-BE20-41692C21E172}.Release|Any CPU.Build.0 = Release|Any CPU
		{91C23183-2CC5-4ADC-86C1-88A1CCD13EC0}.Debug|Any CPU.ActiveCfg = Debug|Any CPU
		{91C23183-2CC5-4ADC-86C1-88A1CCD13EC0}.Debug|Any CPU.Build.0 = Debug|Any CPU
		{91C23183-2CC5-4ADC-86C1-88A1CCD13EC0}.Release|Any CPU.ActiveCfg = Release|Any CPU
		{91C23183-2CC5-4ADC-86C1-88A1CCD13EC0}.Release|Any CPU.Build.0 = Release|Any CPU
	EndGlobalSection
	GlobalSection(SolutionProperties) = preSolution
		HideSolutionNode = FALSE
	EndGlobalSection
	GlobalSection(NestedProjects) = preSolution
		{AA0E7EFA-75A8-4D25-B539-31D8C709C474} = {7C3BC233-B69A-462B-B0A6-3595ADE15925}
		{BDFAD37F-E57A-4AE8-BE20-41692C21E172} = {7C28D837-7D9A-4A69-8C0A-115646E10A2B}
		{91C23183-2CC5-4ADC-86C1-88A1CCD13EC0} = {0C926F74-50EE-4917-8FF6-D50962497C7E}
	EndGlobalSection
	GlobalSection(ExtensibilityGlobals) = postSolution
		SolutionGuid = {5D8CF4C7-77D3-4BD7-8DE9-EDC743A6D4EC}
	EndGlobalSection
EndGlobal
